#MicroXplorer Configuration settings - do not modify
Dma.SPI1_TX.1.Priority=DMA_PRIORITY_LOW
PB13.GPIOParameters=GPIO_Label
RCC.USART1Freq_Value=108000000
RCC.TIM17Freq_Value=72000000
QUADSPI.ClockPrescaler=9
SPI1.VirtualType=VM_MASTER
SPI2.VirtualType=VM_MASTER
PB10.Mode=Single Bank 1
TIM1.IPParameters=Prescaler,Period,AutoReloadPreload
Dma.SPI1_TX.1.FIFOMode=DMA_FIFOMODE_DISABLE
PG4.Signal=GPIO_Output
PG4.Locked=true
RCC.PLLCLKFreq_Value=216000000
PB14.GPIO_Label=LD3 [Red]
PG6.GPIO_Label=USB_PowerSwitchOn [STMPS2151STR_EN]
PA14.GPIO_Label=TCK
RCC.PLLQCLKFreq_Value=48000000
CORTEX_M7.PREFETCH_ENABLE=1
PD8.Locked=true
RCC.RTCFreq_Value=32000
PD2.GPIOParameters=GPIO_Label
PB13.Signal=ETH_TXD1
PinOutPanel.RotationAngle=0
RCC.MCO1PinFreq_Value=16000000
RCC.SYSCLKSource=RCC_SYSCLKSOURCE_PLLCLK
RCC.PLLSource=RCC_PLLSOURCE_HSI
SH.GPXTI13.0=GPIO_EXTI13
USART3.VirtualMode-Asynchronous=VM_ASYNC
RCC.LPTIM1Freq_Value=54000000
SH.GPXTI7.ConfNb=1
NVIC.SVCall_IRQn=true\:0\:0\:false\:false\:true\:true\:false
Dma.SPI1_RX.0.Direction=DMA_PERIPH_TO_MEMORY
RCC.LCDTFTFreq_Value=96000000
Dma.SPI2_RX.2.Direction=DMA_PERIPH_TO_MEMORY
SPI1.Direction=SPI_DIRECTION_2LINES
RCC.I2C4Freq_Value=54000000
PE2.Mode=Single Bank 1
RCC.APB2TimFreq_Value=216000000
Dma.QUADSPI.4.RequestParameters=Instance,Direction,PeriphInc,MemInc,PeriphDataAlignment,MemDataAlignment,Mode,Priority,FIFOMode
PH1/OSC_OUT.Signal=RCC_OSC_OUT
SPI1.CalculateBaudRate=13.5 MBits/s
PC3.Signal=SPI2_MOSI
RCC.SAI2Freq_Value=192000000
PD8.Signal=USART3_TX
PE10.Locked=true
QUADSPI.FlashSize=31
PB13.Locked=true
RCC.USART3Freq_Value=54000000
NVIC.EXTI15_10_IRQn=true\:0\:0\:false\:false\:true\:true\:true
Dma.SPI1_TX.1.PeriphDataAlignment=DMA_PDATAALIGN_BYTE
RCC.PLLSAIRCLKFreq_Value=192000000
ProjectManager.ProjectBuild=false
Dma.SPI2_RX.2.MemDataAlignment=DMA_MDATAALIGN_BYTE
NVIC.UsageFault_IRQn=true\:0\:0\:false\:false\:true\:true\:false
PA8.Locked=true
PA4.Locked=true
Dma.SPI2_RX.2.PeriphInc=DMA_PINC_DISABLE
SH.GPXTI7.0=GPIO_EXTI7
Dma.SPI1_RX.0.PeriphInc=DMA_PINC_DISABLE
PH0/OSC_IN.Locked=true
ProjectManager.FirmwarePackage=STM32Cube FW_F7 V1.16.0
MxDb.Version=DB.6.0.0
PB0.GPIOParameters=GPIO_Label
PA1.GPIOParameters=GPIO_Label
ProjectManager.BackupPrevious=false
Dma.SPI1_TX.1.Mode=DMA_NORMAL
USB_DEVICE.MANUFACTURER_STRING-CDC_FS=RTT
PH1/OSC_OUT.Locked=true
SPI1.DataSize=SPI_DATASIZE_8BIT
PG4.GPIO_Label=LED_RX
SPI2.CalculateBaudRate=13.5 MBits/s
PE2.Signal=QUADSPI_BK1_IO2
Dma.SPI2_RX.2.PeriphDataAlignment=DMA_PDATAALIGN_BYTE
PF8.Mode=Single Bank 1
PA8.Signal=USB_OTG_FS_SOF
NVIC.PendSV_IRQn=true\:0\:0\:false\:false\:true\:true\:false
PC15/OSC32_OUT.Locked=true
PD3.Mode=Full_Duplex_Master
PE10.Signal=GPIO_Output
ProjectManager.HalAssertFull=false
VP_TIM1_VS_ClockSourceINT.Mode=Internal
RCC.TIM1Freq_Value=72000000
RCC.PLLMCOFreq_Value=72000000
RCC.MCO2PinFreq_Value=216000000
Dma.SPI1_TX.1.RequestParameters=Instance,Direction,PeriphInc,MemInc,PeriphDataAlignment,MemDataAlignment,Mode,Priority,FIFOMode
Mcu.Package=LQFP144
PB9.Signal=GPIO_Output
RCC.TIM15Freq_Value=72000000
PA5.Locked=true
SPI2.Mode=SPI_MODE_MASTER
Dma.QUADSPI.4.MemDataAlignment=DMA_MDATAALIGN_BYTE
PD11.Locked=true
RCC.ADC34outputFreq_Value=72000000
PE10.GPIOParameters=GPIO_Label
PD5.GPIOParameters=GPIO_Label
PA14.Locked=true
Dma.SPI2_RX.2.MemInc=DMA_MINC_ENABLE
VP_SYS_VS_Systick.Signal=SYS_VS_Systick
USART3.IPParameters=VirtualMode-Asynchronous
USB_OTG_FS.ep0_mps=DEP0CTL_MPS_64
RCC.DFSDMFreq_Value=108000000
PB14.GPIOParameters=GPIO_Label
RCC.APB2CLKDivider=RCC_HCLK_DIV2
RCC.PLLSourceVirtualString=RCC_PLLSOURCE_HSI
NVIC.EXTI2_IRQn=true\:0\:0\:true\:false\:true\:true\:true
NVIC.DMA2_Stream2_IRQn=true\:0\:0\:false\:false\:true\:false\:true
RCC.CECFreq_Value=32786.88524590164
RCC.APB1TimFreq_Value=108000000
NVIC.BusFault_IRQn=true\:0\:0\:false\:false\:true\:true\:false
PF10.Mode=Single Bank 1
TIM1.Period=1041
USB_OTG_FS.IPParameters=VirtualMode,ep0_mps
RCC.DFSDMAudioFreq_Value=192000000
PE10.GPIO_Label=SX_RX_RST
Dma.SPI1_RX.0.RequestParameters=Instance,Direction,PeriphInc,MemInc,PeriphDataAlignment,MemDataAlignment,Mode,Priority,FIFOMode
PD5.Locked=true
PA4.GPIO_Label=LD_LED1
ProjectManager.CustomerFirmwarePackage=
Dma.SPI1_TX.1.Instance=DMA2_Stream3
RCC.PLLSAIQCLKFreq_Value=192000000
PA5.Mode=Full_Duplex_Master
Dma.SPI2_TX.3.MemInc=DMA_MINC_ENABLE
PA0/WKUP.GPIOParameters=GPIO_Label
NVIC.QUADSPI_IRQn=true\:4\:0\:true\:false\:true\:true\:true
RCC.PLLQoutputFreq_Value=48000000
ProjectManager.ProjectFileName=base3.0.ioc
RCC.ADC12outputFreq_Value=72000000
PD9.GPIO_Label=STLK_TX [STM32F103CBT6_PA2]
Mcu.PinsNb=49
Dma.QUADSPI.4.Priority=DMA_PRIORITY_LOW
PC11.Locked=true
PC13.Locked=true
PC13.Signal=GPXTI13
PA9.GPIO_Label=USB_VBUS
PD3.Signal=SPI2_SCK
PC2.Signal=SPI2_MISO
PA11.GPIO_Label=USB_DM
RCC.UART8Freq_Value=54000000
PB14.Locked=true
RCC.APB1CLKDivider=RCC_HCLK_DIV4
PC11.GPIOParameters=GPIO_Label
QUADSPI.IPParameters=ClockPrescaler,FlashSize
Dma.QUADSPI.4.Mode=DMA_NORMAL
Dma.SPI2_TX.3.PeriphDataAlignment=DMA_PDATAALIGN_BYTE
RCC.WatchDogFreq_Value=32000
TIM1.AutoReloadPreload=TIM_AUTORELOAD_PRELOAD_ENABLE
PA11.Locked=true
Dma.SPI1_TX.1.MemDataAlignment=DMA_MDATAALIGN_BYTE
PA8.GPIO_Label=USB_SOF [TP1]
Dma.QUADSPI.4.PeriphDataAlignment=DMA_PDATAALIGN_BYTE
SH.GPXTI2.ConfNb=1
USB_DEVICE.PRODUCT_STRING_CDC_FS=BaseStation
Dma.SPI2_RX.2.FIFOMode=DMA_FIFOMODE_DISABLE
RCC.USART6Freq_Value=108000000
PA9.Signal=USB_OTG_FS_VBUS
VP_TIM1_VS_ClockSourceINT.Signal=TIM1_VS_ClockSourceINT
PB9.Locked=true
Dma.SPI2_TX.3.Mode=DMA_NORMAL
PD8.Mode=Asynchronous
Mcu.Pin48=VP_USB_DEVICE_VS_USB_DEVICE_CDC_FS
Mcu.Pin46=VP_SYS_VS_Systick
Mcu.Pin47=VP_TIM1_VS_ClockSourceINT
PB10.Signal=QUADSPI_BK1_NCS
PB14.Signal=GPIO_Output
PG6.GPIOParameters=GPIO_Label
PA5.Signal=SPI1_SCK
Mcu.Pin40=PD2
Mcu.Pin41=PD3
Mcu.Pin44=PB7
Mcu.Pin45=PB9
Mcu.Pin42=PD5
Mcu.Pin43=PB3
ProjectManager.LastFirmware=true
NVIC.SPI1_IRQn=true\:0\:0\:false\:false\:true\:true\:true
Dma.SPI2_TX.3.Instance=DMA1_Stream4
Mcu.Pin37=PA14
Mcu.Pin38=PC10
RCC.PRESCALERUSB=RCC_USBCLKSOURCE_PLL_DIV1_5
Mcu.Pin35=PA12
RCC.I2C1Freq_Value=54000000
Mcu.Pin36=PA13
RCC.PLLI2SPCLKFreq_Value=192000000
SPI1.Mode=SPI_MODE_MASTER
PG7.GPIO_Label=USB_OverCurrent [STMPS2151STR_FAULT]
Mcu.Pin39=PC11
RCC.RNGFreq_Value=48000000
Mcu.Pin30=PG7
PA1.GPIO_Label=LD_USB
Dma.SPI1_RX.0.PeriphDataAlignment=DMA_PDATAALIGN_BYTE
RCC.EthernetFreq_Value=216000000
Mcu.Pin33=PA9
PA0/WKUP.GPIO_Label=LD_ACTIVE
Mcu.Pin34=PA11
Mcu.Pin31=PC9
Mcu.Pin32=PA8
PA9.Locked=true
NVIC.NonMaskableInt_IRQn=true\:0\:0\:false\:false\:true\:true\:false
PC10.GPIOParameters=GPIO_Label
PE7.Locked=true
PA13.Mode=Serial_Wire
ProjectManager.FreePins=false
PC9.GPIOParameters=GPIO_Label
RCC.PLLI2SQCLKFreq_Value=192000000
Mcu.Pin26=PD9
Mcu.Pin27=PD11
RCC.RTCHSEDivFreq_Value=4000000
SPI1.NSSPMode=SPI_NSS_PULSE_ENABLE
Mcu.Pin24=PB14
ProjectManager.UnderRoot=true
Mcu.Pin25=PD8
CORTEX_M7.IPParameters=PREFETCH_ENABLE,CPU_ICache,CPU_DCache
Mcu.Pin28=PG4
Mcu.Pin29=PG6
PA4.Signal=GPIO_Output
Mcu.Pin22=PB10
Mcu.Pin23=PB13
Mcu.Pin20=PE7
Mcu.Pin21=PE10
NVIC.ForceEnableDMAVector=true
PD11.Signal=GPIO_Input
PA14.GPIOParameters=GPIO_Label
PC14/OSC32_IN.Locked=true
NVIC.MemoryManagement_IRQn=true\:0\:0\:false\:false\:true\:true\:false
ProjectManager.CompilerOptimize=6
PA11.Signal=USB_OTG_FS_DM
ProjectManager.HeapSize=0x200
Mcu.Pin15=PA4
NVIC.HardFault_IRQn=true\:0\:0\:false\:false\:true\:true\:false
Mcu.Pin16=PA5
Mcu.Pin13=PA0/WKUP
Mcu.Pin14=PA1
Mcu.Pin19=PB0
Dma.SPI1_RX.0.Priority=DMA_PRIORITY_LOW
PF6.Mode=Single Bank 1
NVIC.TIM1_UP_TIM10_IRQn=true\:3\:0\:true\:false\:true\:true\:true
ProjectManager.ComputerToolchain=false
Mcu.Pin17=PA6
PF9.Signal=QUADSPI_BK1_IO1
Mcu.Pin18=PA7
RCC.TIM3Freq_Value=72000000
NVIC.PriorityGroup=NVIC_PRIORITYGROUP_4
Mcu.Pin11=PC2
Mcu.Pin12=PC3
Mcu.Pin10=PC1
Dma.SPI2_TX.3.PeriphInc=DMA_PINC_DISABLE
PC15/OSC32_OUT.Signal=RCC_OSC32_OUT
PA8.Mode=Activate_SOF_FS
SPI2.DataSize=SPI_DATASIZE_8BIT
Dma.SPI2_TX.3.FIFOMode=DMA_FIFOMODE_DISABLE
PD2.Signal=GPXTI2
RCC.I2C2Freq_Value=54000000
RCC.SDMMC2Freq_Value=216000000
PB0.Signal=GPIO_Output
PC1.Signal=GPIO_Output
PG7.GPIOParameters=GPIO_Label
PD2.GPIO_Label=SX_TX_IRQ
PH0/OSC_IN.GPIOParameters=GPIO_Label
Mcu.Family=STM32F7
PC3.Mode=Full_Duplex_Master
ProjectManager.MainLocation=Core/Src
RCC.MCOFreq_Value=72000000
PA6.Mode=Full_Duplex_Master
USB_DEVICE.CLASS_NAME_FS=CDC
RCC.SAI1Freq_Value=192000000
RCC.CortexFreq_Value=216000000
PG6.Signal=GPIO_Output
ProjectManager.KeepUserCode=true
Mcu.UserName=STM32F767ZITx
PD9.GPIOParameters=GPIO_Label
PC10.Locked=true
PG6.Locked=true
PC10.Signal=GPIO_Output
RCC.SYSCLKSourceVirtual=RCC_SYSCLKSOURCE_PLLCLK
PA12.GPIOParameters=GPIO_Label
ProjectManager.functionlistsort=1-MX_GPIO_Init-GPIO-false-HAL-true,2-MX_DMA_Init-DMA-false-HAL-true,3-SystemClock_Config-RCC-false-HAL-false,4-MX_USART3_UART_Init-USART3-false-HAL-true,5-MX_USB_DEVICE_Init-USB_DEVICE-false-HAL-false,6-MX_TIM1_Init-TIM1-false-HAL-true,7-MX_SPI1_Init-SPI1-false-HAL-true,8-MX_SPI2_Init-SPI2-false-HAL-true,9-MX_QUADSPI_Init-QUADSPI-false-HAL-true,0-MX_CORTEX_M7_Init-CORTEX_M7-false-HAL-true
PA9.GPIOParameters=GPIO_Label
PA11.GPIOParameters=GPIO_Label
Dma.SPI1_TX.1.PeriphInc=DMA_PINC_DISABLE
PA11.Mode=Device_Only
PC9.Locked=true
PA0/WKUP.Signal=GPIO_Output
PB0.GPIO_Label=LD_LED2
PC14/OSC32_IN.Mode=LSE-External-Oscillator
RCC.PLLI2SRCLKFreq_Value=192000000
USB_DEVICE.VirtualMode-CDC_FS=Cdc
RCC.USART2Freq_Value=54000000
PD2.Locked=true
PC13.GPIO_Label=USER_Btn [B1]
PC1.Locked=true
PB13.GPIO_Label=RMII_TXD1 [LAN8742A-CZ-TR_TXD1]
NVIC.DMA1_Stream4_IRQn=true\:1\:0\:true\:false\:true\:false\:true
Dma.SPI2_RX.2.RequestParameters=Instance,Direction,PeriphInc,MemInc,PeriphDataAlignment,MemDataAlignment,Mode,Priority,FIFOMode
PD9.Mode=Asynchronous
ProjectManager.StackSize=0x400
SH.GPXTI2.0=GPIO_EXTI2
RCC.I2C3Freq_Value=54000000
Mcu.IP4=RCC
RCC.FCLKCortexFreq_Value=216000000
Mcu.IP5=SPI1
Mcu.IP2=NVIC
Mcu.IP3=QUADSPI
Mcu.IP0=CORTEX_M7
PA12.Locked=true
Mcu.IP1=DMA
PA12.Signal=USB_OTG_FS_DP
TIM1.Prescaler=APB2-1
Mcu.UserConstants=APB1,108;APB2,216
Dma.QUADSPI.4.Direction=DMA_PERIPH_TO_MEMORY
PC1.GPIOParameters=GPIO_Label
RCC.SDMMCFreq_Value=216000000
SH.GPXTI13.ConfNb=1
Mcu.ThirdPartyNb=0
PH0/OSC_IN.Mode=HSE-External-Clock-Source
RCC.HCLKFreq_Value=216000000
PD11.GPIO_Label=SX_RX_BUSY
Mcu.IPNb=12
RCC.I2SClocksFreq_Value=48000000
RCC.PLLI2SRoutputFreq_Value=192000000
ProjectManager.PreviousToolchain=SW4STM32
RCC.SPDIFRXFreq_Value=192000000
RCC.VcooutputI2S=48000000
PA0/WKUP.Locked=true
PD8.GPIOParameters=GPIO_Label
PA8.GPIOParameters=GPIO_Label
Mcu.Pin6=PF9
Mcu.Pin7=PF10
Dma.SPI2_TX.3.Priority=DMA_PRIORITY_LOW
Dma.QUADSPI.4.PeriphInc=DMA_PINC_DISABLE
NVIC.DMA2_Stream0_IRQn=true\:1\:0\:true\:false\:true\:false\:true
Mcu.Pin8=PH0/OSC_IN
Mcu.Pin9=PH1/OSC_OUT
RCC.VCOSAIOutputFreq_Value=384000000
RCC.AHBFreq_Value=216000000
SPI2.BaudRatePrescaler=SPI_BAUDRATEPRESCALER_4
RCC.TIM2Freq_Value=72000000
Mcu.Pin0=PE2
Dma.SPI2_TX.3.RequestParameters=Instance,Direction,PeriphInc,MemInc,PeriphDataAlignment,MemDataAlignment,Mode,Priority,FIFOMode
Mcu.Pin1=PC13
Mcu.Pin2=PC14/OSC32_IN
Mcu.Pin3=PC15/OSC32_OUT
Mcu.Pin4=PF6
Mcu.Pin5=PF8
Dma.SPI2_RX.2.Instance=DMA1_Stream1
RCC.HSE_VALUE=8000000
NVIC.DebugMonitor_IRQn=true\:0\:0\:false\:false\:true\:true\:false
Mcu.IP10=USB_DEVICE
NVIC.SysTick_IRQn=true\:0\:0\:false\:false\:true\:true\:true
RCC.PLLMUL=RCC_PLL_MUL9
Mcu.IP11=USB_OTG_FS
PF9.Mode=Single Bank 1
RCC.VCOInputFreq_Value=2000000
PA14.Mode=Serial_Wire
PC11.GPIO_Label=SX_TX_BUSY
File.Version=6
PB3.GPIOParameters=GPIO_Label
PB7.Signal=GPIO_Output
NVIC.SPI2_IRQn=true\:0\:0\:false\:false\:true\:true\:true
PH1/OSC_OUT.Mode=HSE-External-Clock-Source
Dma.RequestsNb=5
PB0.Locked=true
ProjectManager.ProjectName=base3.0
PA13.GPIOParameters=GPIO_Label
PB7.GPIO_Label=LD2 [Blue]
PA6.Signal=SPI1_MISO
PA7.Locked=true
Dma.SPI2_RX.2.Priority=DMA_PRIORITY_LOW
PC14/OSC32_IN.Signal=RCC_OSC32_IN
PD5.GPIO_Label=SX_RX_CS
NVIC.OTG_FS_IRQn=true\:0\:0\:false\:false\:true\:false\:true
ProjectManager.ToolChainLocation=
RCC.LSI_VALUE=32000
USB_OTG_FS.VirtualMode=Device_Only
PF8.Signal=QUADSPI_BK1_IO0
VP_USB_DEVICE_VS_USB_DEVICE_CDC_FS.Signal=USB_DEVICE_VS_USB_DEVICE_CDC_FS
RCC.TIM16Freq_Value=72000000
Dma.Request2=SPI2_RX
Dma.Request1=SPI1_TX
Dma.Request4=QUADSPI
Dma.Request3=SPI2_TX
SPI2.Direction=SPI_DIRECTION_2LINES
PE7.Signal=GPXTI7
Dma.Request0=SPI1_RX
SPI1.BaudRatePrescaler=SPI_BAUDRATEPRESCALER_8
Dma.SPI2_TX.3.Direction=DMA_MEMORY_TO_PERIPH
PB3.Locked=true
PB3.GPIO_Label=SWO
RCC.I2SFreq_Value=192000000
Dma.SPI1_TX.1.MemInc=DMA_MINC_ENABLE
CORTEX_M7.CPU_ICache=Enabled
PG7.Locked=true
PA7.Mode=Full_Duplex_Master
PG7.Signal=GPIO_Input
RCC.UART7Freq_Value=54000000
PB9.GPIO_Label=SX_TX_CS
PC10.GPIO_Label=SX_TX_RST
PC9.GPIO_Label=LED_TX
ProjectManager.NoMain=false
SPI1.IPParameters=VirtualType,Mode,Direction,CalculateBaudRate,BaudRatePrescaler,DataSize,NSSPMode
USB_DEVICE.VirtualModeFS=Cdc_FS
Dma.SPI2_TX.3.MemDataAlignment=DMA_MDATAALIGN_BYTE
PC11.Signal=GPIO_Input
RCC.PLLRFreq_Value=216000000
Dma.QUADSPI.4.MemInc=DMA_MINC_ENABLE
ProjectManager.DefaultFWLocation=true
PC2.Mode=Full_Duplex_Master
PD9.Signal=USART3_RX
PD5.Signal=GPIO_Output
NVIC.DMA1_Stream1_IRQn=true\:1\:0\:true\:false\:true\:false\:true
ProjectManager.DeletePrevious=true
Dma.SPI1_RX.0.Mode=DMA_NORMAL
RCC.LCDTFToutputFreq_Value=96000000
Dma.SPI1_TX.1.Direction=DMA_MEMORY_TO_PERIPH
boardIOC=true
USB_DEVICE.IPParameters=VirtualMode-CDC_FS,VirtualModeFS,CLASS_NAME_FS,USBD_SELF_POWERED-CDC_FS,MANUFACTURER_STRING-CDC_FS,PRODUCT_STRING_CDC_FS
PA12.GPIO_Label=USB_DP
RCC.FamilyName=M
Dma.SPI2_RX.2.Mode=DMA_NORMAL
PB9.GPIOParameters=GPIO_Label
PD8.GPIO_Label=STLK_RX [STM32F103CBT6_PA3]
PA13.Signal=SYS_JTMS-SWDIO
Dma.SPI1_RX.0.FIFOMode=DMA_FIFOMODE_DISABLE
PA9.Mode=Activate_VBUS
PF6.Signal=QUADSPI_BK1_IO3
ProjectManager.TargetToolchain=SW4STM32
PE7.GPIOParameters=GPIO_Label
PB7.GPIOParameters=GPIO_Label
VP_USB_DEVICE_VS_USB_DEVICE_CDC_FS.Mode=CDC_FS
SPI2.IPParameters=VirtualType,Mode,Direction,CalculateBaudRate,DataSize,BaudRatePrescaler
ProjectManager.RegisterCallBack=
RCC.USBFreq_Value=48000000
NVIC.DMA2_Stream3_IRQn=true\:1\:0\:true\:false\:true\:false\:true
RCC.PLLSAIoutputFreq_Value=192000000
PD3.Locked=true
PA1.Signal=GPIO_Output
RCC.VCOI2SOutputFreq_Value=384000000
RCC.PLLSAIPCLKFreq_Value=192000000
board=NUCLEO-F767ZI
RCC.VCOOutputFreq_Value=432000000
PD11.GPIOParameters=GPIO_Label
RCC.VCOOutput2Freq_Value=8000000
PH0/OSC_IN.Signal=RCC_OSC_IN
RCC.APB2Freq_Value=108000000
RCC.TIM8Freq_Value=72000000
RCC.UART4Freq_Value=54000000
MxCube.Version=6.0.1
PG4.GPIOParameters=GPIO_Label
PC13.GPIOParameters=GPIO_Label
PF10.Signal=QUADSPI_CLK
Dma.QUADSPI.4.Instance=DMA2_Stream2
Dma.SPI1_RX.0.Instance=DMA2_Stream0
VP_SYS_VS_Systick.Mode=SysTick
PC1.GPIO_Label=LD_LED3
Dma.SPI1_RX.0.MemDataAlignment=DMA_MDATAALIGN_BYTE
PA4.GPIOParameters=GPIO_Label
RCC.UART5Freq_Value=54000000
RCC.IPParameters=48MHZClocksFreq_Value,ADC12outputFreq_Value,ADC34outputFreq_Value,AHBFreq_Value,APB1CLKDivider,APB1Freq_Value,APB1TimFreq_Value,APB2CLKDivider,APB2Freq_Value,APB2TimFreq_Value,CECFreq_Value,CortexFreq_Value,DFSDMAudioFreq_Value,DFSDMFreq_Value,EthernetFreq_Value,FCLKCortexFreq_Value,FamilyName,HCLKFreq_Value,HSE_VALUE,HSI_VALUE,I2C1Freq_Value,I2C2Freq_Value,I2C3Freq_Value,I2C4Freq_Value,I2SClocksFreq_Value,I2SFreq_Value,LCDTFTFreq_Value,LCDTFToutputFreq_Value,LPTIM1Freq_Value,LSI_VALUE,MCO1PinFreq_Value,MCO2PinFreq_Value,MCOFreq_Value,PLLCLKFreq_Value,PLLI2SPCLKFreq_Value,PLLI2SQCLKFreq_Value,PLLI2SRCLKFreq_Value,PLLI2SRoutputFreq_Value,PLLM,PLLMCOFreq_Value,PLLMUL,PLLN,PLLQ,PLLQCLKFreq_Value,PLLQoutputFreq_Value,PLLRFreq_Value,PLLSAIPCLKFreq_Value,PLLSAIQCLKFreq_Value,PLLSAIRCLKFreq_Value,PLLSAIoutputFreq_Value,PLLSource,PLLSourceVirtualString,PRESCALERUSB,RNGFreq_Value,RTCFreq_Value,RTCHSEDivFreq_Value,SAI1Freq_Value,SAI2Freq_Value,SDMMC2Freq_Value,SDMMCFreq_Value,SPDIFRXFreq_Value,SYSCLKFreq_VALUE,SYSCLKSource,SYSCLKSourceVirtual,TIM15Freq_Value,TIM16Freq_Value,TIM17Freq_Value,TIM1Freq_Value,TIM20Freq_Value,TIM2Freq_Value,TIM3Freq_Value,TIM8Freq_Value,UART4Freq_Value,UART5Freq_Value,UART7Freq_Value,UART8Freq_Value,USART1Freq_Value,USART2Freq_Value,USART3Freq_Value,USART6Freq_Value,USBFreq_Value,VCOI2SOutputFreq_Value,VCOInputFreq_Value,VCOOutput2Freq_Value,VCOOutputFreq_Value,VCOSAIOutputFreq_Value,VcooutputI2S,WatchDogFreq_Value
ProjectManager.AskForMigrate=true
Mcu.Name=STM32F767ZITx
PE7.GPIO_Label=SX_RX_IRQ
Dma.SPI1_RX.0.MemInc=DMA_MINC_ENABLE
PA13.GPIO_Label=TMS
Mcu.IP8=TIM1
Mcu.IP9=USART3
Mcu.IP6=SPI2
Mcu.IP7=SYS
ProjectManager.CoupleFile=false
RCC.48MHZClocksFreq_Value=24000000
PB3.Signal=SYS_JTDO-SWO
RCC.SYSCLKFreq_VALUE=216000000
PA1.Locked=true
PA12.Mode=Device_Only
KeepUserPlacement=true
PA13.Locked=true
PC15/OSC32_OUT.Mode=LSE-External-Oscillator
NVIC.EXTI9_5_IRQn=true\:0\:0\:false\:false\:true\:true\:true
PA14.Signal=SYS_JTCK-SWCLK
RCC.TIM20Freq_Value=72000000
RCC.HSI_VALUE=16000000
PH0/OSC_IN.GPIO_Label=MCO [STM32F103CBT6_PA8]
RCC.PLLQ=9
USB_DEVICE.USBD_SELF_POWERED-CDC_FS=1
RCC.PLLM=8
RCC.PLLN=216
PB7.Locked=true
PC9.Signal=GPIO_Output
CORTEX_M7.CPU_DCache=Enabled
PD9.Locked=true
RCC.APB1Freq_Value=54000000
ProjectManager.DeviceId=STM32F767ZITx
ProjectManager.LibraryCopy=1
Dma.QUADSPI.4.FIFOMode=DMA_FIFOMODE_DISABLE
PA7.Signal=SPI1_MOSI
PA6.Locked=true
